
Microsoft Visual Studio Solution File, Format Version 12.00
# Visual Studio 15
VisualStudioVersion = 15.0.28307.1062
MinimumVisualStudioVersion = 10.0.40219.1
Project("{E24C65DC-7377-472B-9ABA-BC803B73C61A}") = "SMV", ".", "{1035920E-5EA2-4BA0-8418-CA66A119B796}"
	ProjectSection(WebsiteProperties) = preProject
		TargetFrameworkMoniker = ".NETFramework,Version%3Dv4.5"
		Debug.AspNetCompiler.VirtualPath = "/localhost_52082"
		Debug.AspNetCompiler.PhysicalPath = "..\SMV\"
		Debug.AspNetCompiler.TargetPath = "PrecompiledWeb\localhost_52082\"
		Debug.AspNetCompiler.Updateable = "true"
		Debug.AspNetCompiler.ForceOverwrite = "true"
		Debug.AspNetCompiler.FixedNames = "false"
		Debug.AspNetCompiler.Debug = "True"
		Release.AspNetCompiler.VirtualPath = "/localhost_52082"
		Release.AspNetCompiler.PhysicalPath = "..\SMV\"
		Release.AspNetCompiler.TargetPath = "PrecompiledWeb\localhost_52082\"
		Release.AspNetCompiler.Updateable = "true"
		Release.AspNetCompiler.ForceOverwrite = "true"
		Release.AspNetCompiler.FixedNames = "false"
		Release.AspNetCompiler.Debug = "False"
		VWDPort = "52082"
		SlnRelativePath = "..\SMV\"
	EndProjectSection
EndProject
Global
	GlobalSection(SolutionConfigurationPlatforms) = preSolution
		Debug|Any CPU = Debug|Any CPU
	EndGlobalSection
	GlobalSection(ProjectConfigurationPlatforms) = postSolution
		{1035920E-5EA2-4BA0-8418-CA66A119B796}.Debug|Any CPU.ActiveCfg = Debug|Any CPU
		{1035920E-5EA2-4BA0-8418-CA66A119B796}.Debug|Any CPU.Build.0 = Debug|Any CPU
	EndGlobalSection
	GlobalSection(SolutionProperties) = preSolution
		HideSolutionNode = FALSE
	EndGlobalSection
	GlobalSection(ExtensibilityGlobals) = postSolution
		SolutionGuid = {A1A1C1E6-42C1-4B04-8152-97D0DB3BFC80}
	EndGlobalSection
EndGlobal
